
Microsoft Visual Studio Solution File, Format Version 12.00
# Visual Studio Version 17
VisualStudioVersion = 17.3.32825.248
MinimumVisualStudioVersion = 10.0.40219.1
Project("{FAE04EC0-301F-11D3-BF4B-00C04F79EFBC}") = "Anniversary", "Anniversary.csproj", "{C319EDCF-C208-4EFF-9804-95DC94DA64FE}"
EndProject
Global
	GlobalSection(SolutionConfigurationPlatforms) = preSolution
		Debug|Any CPU = Debug|Any CPU
		Release|Any CPU = Release|Any CPU
	EndGlobalSection
	GlobalSection(ProjectConfigurationPlatforms) = postSolution
		{C319EDCF-C208-4EFF-9804-95DC94DA64FE}.Debug|Any CPU.ActiveCfg = Debug|Any CPU
		{C319EDCF-C208-4EFF-9804-95DC94DA64FE}.Debug|Any CPU.Build.0 = Debug|Any CPU
		{C319EDCF-C208-4EFF-9804-95DC94DA64FE}.Release|Any CPU.ActiveCfg = Release|Any CPU
		{C319EDCF-C208-4EFF-9804-95DC94DA64FE}.Release|Any CPU.Build.0 = Release|Any CPU
	EndGlobalSection
	GlobalSection(SolutionProperties) = preSolution
		HideSolutionNode = FALSE
	EndGlobalSection
	GlobalSection(ExtensibilityGlobals) = postSolution
		SolutionGuid = {E117AF8C-2805-4E96-ABD6-65151FFBAFAB}
	EndGlobalSection
EndGlobal
